
Microsoft Visual Studio Solution File, Format Version 12.00
# Visual Studio Version 17
VisualStudioVersion = 17.1.32328.378
MinimumVisualStudioVersion = 10.0.40219.1
Project("{9A19103F-16F7-4668-BE54-9A1E7A4F7556}") = "ShoppingCartAPI", "ShoppingCartAPI.csproj", "{F84E5CD4-BEB2-42DA-AE1B-4AD10D089A2D}"
EndProject
Project("{9A19103F-16F7-4668-BE54-9A1E7A4F7556}") = "ShoppingCartAPI.Test", "..\ShoppingCartAPI.Test\ShoppingCartAPI.Test.csproj", "{239DE70A-6ED2-4D98-85CF-3804259A9685}"
EndProject
Global
	GlobalSection(SolutionConfigurationPlatforms) = preSolution
		Debug|Any CPU = Debug|Any CPU
		Release|Any CPU = Release|Any CPU
	EndGlobalSection
	GlobalSection(ProjectConfigurationPlatforms) = postSolution
		{F84E5CD4-BEB2-42DA-AE1B-4AD10D089A2D}.Debug|Any CPU.ActiveCfg = Debug|Any CPU
		{F84E5CD4-BEB2-42DA-AE1B-4AD10D089A2D}.Debug|Any CPU.Build.0 = Debug|Any CPU
		{F84E5CD4-BEB2-42DA-AE1B-4AD10D089A2D}.Release|Any CPU.ActiveCfg = Release|Any CPU
		{F84E5CD4-BEB2-42DA-AE1B-4AD10D089A2D}.Release|Any CPU.Build.0 = Release|Any CPU
		{239DE70A-6ED2-4D98-85CF-3804259A9685}.Debug|Any CPU.ActiveCfg = Debug|Any CPU
		{239DE70A-6ED2-4D98-85CF-3804259A9685}.Debug|Any CPU.Build.0 = Debug|Any CPU
		{239DE70A-6ED2-4D98-85CF-3804259A9685}.Release|Any CPU.ActiveCfg = Release|Any CPU
		{239DE70A-6ED2-4D98-85CF-3804259A9685}.Release|Any CPU.Build.0 = Release|Any CPU
	EndGlobalSection
	GlobalSection(SolutionProperties) = preSolution
		HideSolutionNode = FALSE
	EndGlobalSection
	GlobalSection(ExtensibilityGlobals) = postSolution
		SolutionGuid = {54CF6793-6B22-428D-BF32-B204E365DD21}
	EndGlobalSection
EndGlobal
